
Microsoft Visual Studio Solution File, Format Version 12.00
# Visual Studio 15
VisualStudioVersion = 15.0.28307.1231
MinimumVisualStudioVersion = 10.0.40219.1
Project("{FAE04EC0-301F-11D3-BF4B-00C04F79EFBC}") = "Metot Parametreleri", "Metot Parametreleri\Metot Parametreleri.csproj", "{9934884F-D51A-4957-B871-723DAB50BDE6}"
EndProject
Global
	GlobalSection(SolutionConfigurationPlatforms) = preSolution
		Debug|Any CPU = Debug|Any CPU
		Release|Any CPU = Release|Any CPU
	EndGlobalSection
	GlobalSection(ProjectConfigurationPlatforms) = postSolution
		{9934884F-D51A-4957-B871-723DAB50BDE6}.Debug|Any CPU.ActiveCfg = Debug|Any CPU
		{9934884F-D51A-4957-B871-723DAB50BDE6}.Debug|Any CPU.Build.0 = Debug|Any CPU
		{9934884F-D51A-4957-B871-723DAB50BDE6}.Release|Any CPU.ActiveCfg = Release|Any CPU
		{9934884F-D51A-4957-B871-723DAB50BDE6}.Release|Any CPU.Build.0 = Release|Any CPU
	EndGlobalSection
	GlobalSection(SolutionProperties) = preSolution
		HideSolutionNode = FALSE
	EndGlobalSection
	GlobalSection(ExtensibilityGlobals) = postSolution
		SolutionGuid = {8C45390A-2BFC-4042-96F5-298643AF4E61}
	EndGlobalSection
EndGlobal
